{
    "name": "@cthunline/games",
    "version": "3.4.5",
    "lockfileVersion": 2,
    "requires": true,
    "packages": {
        "": {
            "name": "@cthunline/games",
            "version": "3.4.5",
            "license": "AGPL-3.0-or-later",
            "dependencies": {
                "@sinclair/typebox": "^0.33.15"
            },
            "devDependencies": {
                "@biomejs/biome": "^1.9.3",
                "@tsconfig/recommended": "^1.0.7",
                "husky": "^9.1.6",
                "typescript": "^5.6.3"
            }
        },
        "node_modules/@biomejs/biome": {
            "version": "1.9.3",
            "resolved": "https://registry.npmjs.org/@biomejs/biome/-/biome-1.9.3.tgz",
            "integrity": "sha512-POjAPz0APAmX33WOQFGQrwLvlu7WLV4CFJMlB12b6ZSg+2q6fYu9kZwLCOA+x83zXfcPd1RpuWOKJW0GbBwLIQ==",
            "dev": true,
            "hasInstallScript": true,
            "license": "MIT OR Apache-2.0",
            "bin": {
                "biome": "bin/biome"
            },
            "engines": {
                "node": ">=14.21.3"
            },
            "funding": {
                "type": "opencollective",
                "url": "https://opencollective.com/biome"
            },
            "optionalDependencies": {
                "@biomejs/cli-darwin-arm64": "1.9.3",
                "@biomejs/cli-darwin-x64": "1.9.3",
                "@biomejs/cli-linux-arm64": "1.9.3",
                "@biomejs/cli-linux-arm64-musl": "1.9.3",
                "@biomejs/cli-linux-x64": "1.9.3",
                "@biomejs/cli-linux-x64-musl": "1.9.3",
                "@biomejs/cli-win32-arm64": "1.9.3",
                "@biomejs/cli-win32-x64": "1.9.3"
            }
        },
        "node_modules/@biomejs/cli-darwin-arm64": {
            "version": "1.9.3",
            "resolved": "https://registry.npmjs.org/@biomejs/cli-darwin-arm64/-/cli-darwin-arm64-1.9.3.tgz",
            "integrity": "sha512-QZzD2XrjJDUyIZK+aR2i5DDxCJfdwiYbUKu9GzkCUJpL78uSelAHAPy7m0GuPMVtF/Uo+OKv97W3P9nuWZangQ==",
            "cpu": [
                "arm64"
            ],
            "dev": true,
            "license": "MIT OR Apache-2.0",
            "optional": true,
            "os": [
                "darwin"
            ],
            "engines": {
                "node": ">=14.21.3"
            }
        },
        "node_modules/@biomejs/cli-darwin-x64": {
            "version": "1.9.3",
            "resolved": "https://registry.npmjs.org/@biomejs/cli-darwin-x64/-/cli-darwin-x64-1.9.3.tgz",
            "integrity": "sha512-vSCoIBJE0BN3SWDFuAY/tRavpUtNoqiceJ5PrU3xDfsLcm/U6N93JSM0M9OAiC/X7mPPfejtr6Yc9vSgWlEgVw==",
            "cpu": [
                "x64"
            ],
            "dev": true,
            "license": "MIT OR Apache-2.0",
            "optional": true,
            "os": [
                "darwin"
            ],
            "engines": {
                "node": ">=14.21.3"
            }
        },
        "node_modules/@biomejs/cli-linux-arm64": {
            "version": "1.9.3",
            "resolved": "https://registry.npmjs.org/@biomejs/cli-linux-arm64/-/cli-linux-arm64-1.9.3.tgz",
            "integrity": "sha512-vJkAimD2+sVviNTbaWOGqEBy31cW0ZB52KtpVIbkuma7PlfII3tsLhFa+cwbRAcRBkobBBhqZ06hXoZAN8NODQ==",
            "cpu": [
                "arm64"
            ],
            "dev": true,
            "license": "MIT OR Apache-2.0",
            "optional": true,
            "os": [
                "linux"
            ],
            "engines": {
                "node": ">=14.21.3"
            }
        },
        "node_modules/@biomejs/cli-linux-arm64-musl": {
            "version": "1.9.3",
            "resolved": "https://registry.npmjs.org/@biomejs/cli-linux-arm64-musl/-/cli-linux-arm64-musl-1.9.3.tgz",
            "integrity": "sha512-VBzyhaqqqwP3bAkkBrhVq50i3Uj9+RWuj+pYmXrMDgjS5+SKYGE56BwNw4l8hR3SmYbLSbEo15GcV043CDSk+Q==",
            "cpu": [
                "arm64"
            ],
            "dev": true,
            "license": "MIT OR Apache-2.0",
            "optional": true,
            "os": [
                "linux"
            ],
            "engines": {
                "node": ">=14.21.3"
            }
        },
        "node_modules/@biomejs/cli-linux-x64": {
            "version": "1.9.3",
            "resolved": "https://registry.npmjs.org/@biomejs/cli-linux-x64/-/cli-linux-x64-1.9.3.tgz",
            "integrity": "sha512-x220V4c+romd26Mu1ptU+EudMXVS4xmzKxPVb9mgnfYlN4Yx9vD5NZraSx/onJnd3Gh/y8iPUdU5CDZJKg9COA==",
            "cpu": [
                "x64"
            ],
            "dev": true,
            "license": "MIT OR Apache-2.0",
            "optional": true,
            "os": [
                "linux"
            ],
            "engines": {
                "node": ">=14.21.3"
            }
        },
        "node_modules/@biomejs/cli-linux-x64-musl": {
            "version": "1.9.3",
            "resolved": "https://registry.npmjs.org/@biomejs/cli-linux-x64-musl/-/cli-linux-x64-musl-1.9.3.tgz",
            "integrity": "sha512-TJmnOG2+NOGM72mlczEsNki9UT+XAsMFAOo8J0me/N47EJ/vkLXxf481evfHLlxMejTY6IN8SdRSiPVLv6AHlA==",
            "cpu": [
                "x64"
            ],
            "dev": true,
            "license": "MIT OR Apache-2.0",
            "optional": true,
            "os": [
                "linux"
            ],
            "engines": {
                "node": ">=14.21.3"
            }
        },
        "node_modules/@biomejs/cli-win32-arm64": {
            "version": "1.9.3",
            "resolved": "https://registry.npmjs.org/@biomejs/cli-win32-arm64/-/cli-win32-arm64-1.9.3.tgz",
            "integrity": "sha512-lg/yZis2HdQGsycUvHWSzo9kOvnGgvtrYRgoCEwPBwwAL8/6crOp3+f47tPwI/LI1dZrhSji7PNsGKGHbwyAhw==",
            "cpu": [
                "arm64"
            ],
            "dev": true,
            "license": "MIT OR Apache-2.0",
            "optional": true,
            "os": [
                "win32"
            ],
            "engines": {
                "node": ">=14.21.3"
            }
        },
        "node_modules/@biomejs/cli-win32-x64": {
            "version": "1.9.3",
            "resolved": "https://registry.npmjs.org/@biomejs/cli-win32-x64/-/cli-win32-x64-1.9.3.tgz",
            "integrity": "sha512-cQMy2zanBkVLpmmxXdK6YePzmZx0s5Z7KEnwmrW54rcXK3myCNbQa09SwGZ8i/8sLw0H9F3X7K4rxVNGU8/D4Q==",
            "cpu": [
                "x64"
            ],
            "dev": true,
            "license": "MIT OR Apache-2.0",
            "optional": true,
            "os": [
                "win32"
            ],
            "engines": {
                "node": ">=14.21.3"
            }
        },
        "node_modules/@sinclair/typebox": {
            "version": "0.33.15",
            "resolved": "https://registry.npmjs.org/@sinclair/typebox/-/typebox-0.33.15.tgz",
            "integrity": "sha512-R50kz7xohLjhwgmAiw+6qOAYkeFXsK8i1CbEQB1qJTiHMK5WywpvGIHJenE3n4t7dqj3bas+H1cD5dTZIfrAEw==",
            "license": "MIT"
        },
        "node_modules/@tsconfig/recommended": {
            "version": "1.0.7",
            "resolved": "https://registry.npmjs.org/@tsconfig/recommended/-/recommended-1.0.7.tgz",
            "integrity": "sha512-xiNMgCuoy4mCL4JTywk9XFs5xpRUcKxtWEcMR6FNMtsgewYTIgIR+nvlP4A4iRCAzRsHMnPhvTRrzp4AGcRTEA==",
            "dev": true
        },
        "node_modules/husky": {
            "version": "9.1.6",
            "resolved": "https://registry.npmjs.org/husky/-/husky-9.1.6.tgz",
            "integrity": "sha512-sqbjZKK7kf44hfdE94EoX8MZNk0n7HeW37O4YrVGCF4wzgQjp+akPAkfUK5LZ6KuR/6sqeAVuXHji+RzQgOn5A==",
            "dev": true,
            "bin": {
                "husky": "bin.js"
            },
            "engines": {
                "node": ">=18"
            },
            "funding": {
                "url": "https://github.com/sponsors/typicode"
            }
        },
        "node_modules/typescript": {
            "version": "5.6.3",
            "resolved": "https://registry.npmjs.org/typescript/-/typescript-5.6.3.tgz",
            "integrity": "sha512-hjcS1mhfuyi4WW8IWtjP7brDrG2cuDZukyrYrSauoXGNgx0S7zceP07adYkJycEr56BOUTNPzbInooiN3fn1qw==",
            "dev": true,
            "license": "Apache-2.0",
            "bin": {
                "tsc": "bin/tsc",
                "tsserver": "bin/tsserver"
            },
            "engines": {
                "node": ">=14.17"
            }
        }
    },
    "dependencies": {
        "@biomejs/biome": {
            "version": "1.9.3",
            "resolved": "https://registry.npmjs.org/@biomejs/biome/-/biome-1.9.3.tgz",
            "integrity": "sha512-POjAPz0APAmX33WOQFGQrwLvlu7WLV4CFJMlB12b6ZSg+2q6fYu9kZwLCOA+x83zXfcPd1RpuWOKJW0GbBwLIQ==",
            "dev": true,
            "requires": {
                "@biomejs/cli-darwin-arm64": "1.9.3",
                "@biomejs/cli-darwin-x64": "1.9.3",
                "@biomejs/cli-linux-arm64": "1.9.3",
                "@biomejs/cli-linux-arm64-musl": "1.9.3",
                "@biomejs/cli-linux-x64": "1.9.3",
                "@biomejs/cli-linux-x64-musl": "1.9.3",
                "@biomejs/cli-win32-arm64": "1.9.3",
                "@biomejs/cli-win32-x64": "1.9.3"
            }
        },
        "@biomejs/cli-darwin-arm64": {
            "version": "1.9.3",
            "resolved": "https://registry.npmjs.org/@biomejs/cli-darwin-arm64/-/cli-darwin-arm64-1.9.3.tgz",
            "integrity": "sha512-QZzD2XrjJDUyIZK+aR2i5DDxCJfdwiYbUKu9GzkCUJpL78uSelAHAPy7m0GuPMVtF/Uo+OKv97W3P9nuWZangQ==",
            "dev": true,
            "optional": true
        },
        "@biomejs/cli-darwin-x64": {
            "version": "1.9.3",
            "resolved": "https://registry.npmjs.org/@biomejs/cli-darwin-x64/-/cli-darwin-x64-1.9.3.tgz",
            "integrity": "sha512-vSCoIBJE0BN3SWDFuAY/tRavpUtNoqiceJ5PrU3xDfsLcm/U6N93JSM0M9OAiC/X7mPPfejtr6Yc9vSgWlEgVw==",
            "dev": true,
            "optional": true
        },
        "@biomejs/cli-linux-arm64": {
            "version": "1.9.3",
            "resolved": "https://registry.npmjs.org/@biomejs/cli-linux-arm64/-/cli-linux-arm64-1.9.3.tgz",
            "integrity": "sha512-vJkAimD2+sVviNTbaWOGqEBy31cW0ZB52KtpVIbkuma7PlfII3tsLhFa+cwbRAcRBkobBBhqZ06hXoZAN8NODQ==",
            "dev": true,
            "optional": true
        },
        "@biomejs/cli-linux-arm64-musl": {
            "version": "1.9.3",
            "resolved": "https://registry.npmjs.org/@biomejs/cli-linux-arm64-musl/-/cli-linux-arm64-musl-1.9.3.tgz",
            "integrity": "sha512-VBzyhaqqqwP3bAkkBrhVq50i3Uj9+RWuj+pYmXrMDgjS5+SKYGE56BwNw4l8hR3SmYbLSbEo15GcV043CDSk+Q==",
            "dev": true,
            "optional": true
        },
        "@biomejs/cli-linux-x64": {
            "version": "1.9.3",
            "resolved": "https://registry.npmjs.org/@biomejs/cli-linux-x64/-/cli-linux-x64-1.9.3.tgz",
            "integrity": "sha512-x220V4c+romd26Mu1ptU+EudMXVS4xmzKxPVb9mgnfYlN4Yx9vD5NZraSx/onJnd3Gh/y8iPUdU5CDZJKg9COA==",
            "dev": true,
            "optional": true
        },
        "@biomejs/cli-linux-x64-musl": {
            "version": "1.9.3",
            "resolved": "https://registry.npmjs.org/@biomejs/cli-linux-x64-musl/-/cli-linux-x64-musl-1.9.3.tgz",
            "integrity": "sha512-TJmnOG2+NOGM72mlczEsNki9UT+XAsMFAOo8J0me/N47EJ/vkLXxf481evfHLlxMejTY6IN8SdRSiPVLv6AHlA==",
            "dev": true,
            "optional": true
        },
        "@biomejs/cli-win32-arm64": {
            "version": "1.9.3",
            "resolved": "https://registry.npmjs.org/@biomejs/cli-win32-arm64/-/cli-win32-arm64-1.9.3.tgz",
            "integrity": "sha512-lg/yZis2HdQGsycUvHWSzo9kOvnGgvtrYRgoCEwPBwwAL8/6crOp3+f47tPwI/LI1dZrhSji7PNsGKGHbwyAhw==",
            "dev": true,
            "optional": true
        },
        "@biomejs/cli-win32-x64": {
            "version": "1.9.3",
            "resolved": "https://registry.npmjs.org/@biomejs/cli-win32-x64/-/cli-win32-x64-1.9.3.tgz",
            "integrity": "sha512-cQMy2zanBkVLpmmxXdK6YePzmZx0s5Z7KEnwmrW54rcXK3myCNbQa09SwGZ8i/8sLw0H9F3X7K4rxVNGU8/D4Q==",
            "dev": true,
            "optional": true
        },
        "@sinclair/typebox": {
            "version": "0.33.15",
            "resolved": "https://registry.npmjs.org/@sinclair/typebox/-/typebox-0.33.15.tgz",
            "integrity": "sha512-R50kz7xohLjhwgmAiw+6qOAYkeFXsK8i1CbEQB1qJTiHMK5WywpvGIHJenE3n4t7dqj3bas+H1cD5dTZIfrAEw=="
        },
        "@tsconfig/recommended": {
            "version": "1.0.7",
            "resolved": "https://registry.npmjs.org/@tsconfig/recommended/-/recommended-1.0.7.tgz",
            "integrity": "sha512-xiNMgCuoy4mCL4JTywk9XFs5xpRUcKxtWEcMR6FNMtsgewYTIgIR+nvlP4A4iRCAzRsHMnPhvTRrzp4AGcRTEA==",
            "dev": true
        },
        "husky": {
            "version": "9.1.6",
            "resolved": "https://registry.npmjs.org/husky/-/husky-9.1.6.tgz",
            "integrity": "sha512-sqbjZKK7kf44hfdE94EoX8MZNk0n7HeW37O4YrVGCF4wzgQjp+akPAkfUK5LZ6KuR/6sqeAVuXHji+RzQgOn5A==",
            "dev": true
        },
        "typescript": {
            "version": "5.6.3",
            "resolved": "https://registry.npmjs.org/typescript/-/typescript-5.6.3.tgz",
            "integrity": "sha512-hjcS1mhfuyi4WW8IWtjP7brDrG2cuDZukyrYrSauoXGNgx0S7zceP07adYkJycEr56BOUTNPzbInooiN3fn1qw==",
            "dev": true
        }
    }
}
